
Microsoft Visual Studio Solution File, Format Version 12.00
# Visual Studio 15
Project("{FAE04EC0-301F-11D3-BF4B-00C04F79EFBC}") = "Assembly-CSharp", "Assembly-CSharp.csproj", "{AE2714B5-C1C6-41FC-7FD4-675051F72876}"
EndProject
Project("{FAE04EC0-301F-11D3-BF4B-00C04F79EFBC}") = "SUNNYFramework.RunTime", "SUNNYFramework.RunTime.csproj", "{595DCE98-3903-AD2F-A413-89EBDE590EE6}"
EndProject
Project("{FAE04EC0-301F-11D3-BF4B-00C04F79EFBC}") = "SUNNYFramework.Editor", "SUNNYFramework.Editor.csproj", "{FD01D495-06CD-0D43-006F-4A5240DD669C}"
EndProject
Global
	GlobalSection(SolutionConfigurationPlatforms) = preSolution
		Debug|Any CPU = Debug|Any CPU
		Release|Any CPU = Release|Any CPU
	EndGlobalSection
	GlobalSection(ProjectConfigurationPlatforms) = postSolution
		{AE2714B5-C1C6-41FC-7FD4-675051F72876}.Debug|Any CPU.ActiveCfg = Debug|Any CPU
		{AE2714B5-C1C6-41FC-7FD4-675051F72876}.Debug|Any CPU.Build.0 = Debug|Any CPU
		{AE2714B5-C1C6-41FC-7FD4-675051F72876}.Release|Any CPU.ActiveCfg = Release|Any CPU
		{AE2714B5-C1C6-41FC-7FD4-675051F72876}.Release|Any CPU.Build.0 = Release|Any CPU
		{595DCE98-3903-AD2F-A413-89EBDE590EE6}.Debug|Any CPU.ActiveCfg = Debug|Any CPU
		{595DCE98-3903-AD2F-A413-89EBDE590EE6}.Debug|Any CPU.Build.0 = Debug|Any CPU
		{595DCE98-3903-AD2F-A413-89EBDE590EE6}.Release|Any CPU.ActiveCfg = Release|Any CPU
		{595DCE98-3903-AD2F-A413-89EBDE590EE6}.Release|Any CPU.Build.0 = Release|Any CPU
		{FD01D495-06CD-0D43-006F-4A5240DD669C}.Debug|Any CPU.ActiveCfg = Debug|Any CPU
		{FD01D495-06CD-0D43-006F-4A5240DD669C}.Debug|Any CPU.Build.0 = Debug|Any CPU
		{FD01D495-06CD-0D43-006F-4A5240DD669C}.Release|Any CPU.ActiveCfg = Release|Any CPU
		{FD01D495-06CD-0D43-006F-4A5240DD669C}.Release|Any CPU.Build.0 = Release|Any CPU
	EndGlobalSection
	GlobalSection(SolutionProperties) = preSolution
		HideSolutionNode = FALSE
	EndGlobalSection
EndGlobal
